
Microsoft Visual Studio Solution File, Format Version 12.00
# Visual Studio 15
VisualStudioVersion = 15.0.28010.2046
MinimumVisualStudioVersion = 10.0.40219.1
Project("{8BC9CEB8-8B4A-11D0-8D11-00A0C91BC942}") = "C NC_day15", "C NC_day15\C NC_day15.vcxproj", "{3D1F5D73-EE63-4CDC-9818-A2A52FC30CDA}"
EndProject
Global
	GlobalSection(SolutionConfigurationPlatforms) = preSolution
		Debug|x64 = Debug|x64
		Debug|x86 = Debug|x86
		Release|x64 = Release|x64
		Release|x86 = Release|x86
	EndGlobalSection
	GlobalSection(ProjectConfigurationPlatforms) = postSolution
		{3D1F5D73-EE63-4CDC-9818-A2A52FC30CDA}.Debug|x64.ActiveCfg = Debug|x64
		{3D1F5D73-EE63-4CDC-9818-A2A52FC30CDA}.Debug|x64.Build.0 = Debug|x64
		{3D1F5D73-EE63-4CDC-9818-A2A52FC30CDA}.Debug|x86.ActiveCfg = Debug|Win32
		{3D1F5D73-EE63-4CDC-9818-A2A52FC30CDA}.Debug|x86.Build.0 = Debug|Win32
		{3D1F5D73-EE63-4CDC-9818-A2A52FC30CDA}.Release|x64.ActiveCfg = Release|x64
		{3D1F5D73-EE63-4CDC-9818-A2A52FC30CDA}.Release|x64.Build.0 = Release|x64
		{3D1F5D73-EE63-4CDC-9818-A2A52FC30CDA}.Release|x86.ActiveCfg = Release|Win32
		{3D1F5D73-EE63-4CDC-9818-A2A52FC30CDA}.Release|x86.Build.0 = Release|Win32
	EndGlobalSection
	GlobalSection(SolutionProperties) = preSolution
		HideSolutionNode = FALSE
	EndGlobalSection
	GlobalSection(ExtensibilityGlobals) = postSolution
		SolutionGuid = {FCB9A685-96E3-4E7A-B620-6A106EB03A87}
	EndGlobalSection
EndGlobal
